
Microsoft Visual Studio Solution File, Format Version 10.00
# Visual Studio 2008
Project("{FAE04EC0-301F-11D3-BF4B-00C04F79EFBC}") = "Renting-Management-System", "Renting-Management-System\Renting-Management-System.csproj", "{CCB29733-1006-49B2-B261-49FC47F8C9F9}"
EndProject
Global
	GlobalSection(SolutionConfigurationPlatforms) = preSolution
		Debug|Any CPU = Debug|Any CPU
		Release|Any CPU = Release|Any CPU
	EndGlobalSection
	GlobalSection(ProjectConfigurationPlatforms) = postSolution
		{CCB29733-1006-49B2-B261-49FC47F8C9F9}.Debug|Any CPU.ActiveCfg = Debug|Any CPU
		{CCB29733-1006-49B2-B261-49FC47F8C9F9}.Debug|Any CPU.Build.0 = Debug|Any CPU
		{CCB29733-1006-49B2-B261-49FC47F8C9F9}.Release|Any CPU.ActiveCfg = Release|Any CPU
		{CCB29733-1006-49B2-B261-49FC47F8C9F9}.Release|Any CPU.Build.0 = Release|Any CPU
	EndGlobalSection
	GlobalSection(SolutionProperties) = preSolution
		HideSolutionNode = FALSE
	EndGlobalSection
EndGlobal
